// !$*UTF8*$!
{
	archiveVersion = 1;
	classes = {
	};
	objectVersion = 46;
	objects = {
/* Begin PBXBuildFile section */
		0207DA581B56EA530066E2B4 /* Images.xcassets in Resources */ = {isa = PBXBuildFile; fileRef = 0207DA571B56EA530066E2B4 /* Images.xcassets */; };
		1D3623260D0F684500981E51 /* AppDelegate.m in Sources */ = {isa = PBXBuildFile; fileRef = 1D3623250D0F684500981E51 /* AppDelegate.m */; };
		1D60589B0D05DD56006BFB54 /* main.m in Sources */ = {isa = PBXBuildFile; fileRef = 29B97316FDCFA39411CA2CEA /* main.m */; };
		301BF552109A68D80062928A /* libCordova.a in Frameworks */ = {isa = PBXBuildFile; fileRef = 301BF535109A57CC0062928A /* libCordova.a */; };
		302D95F114D2391D003F00A1 /* MainViewController.m in Sources */ = {isa = PBXBuildFile; fileRef = 302D95EF14D2391D003F00A1 /* MainViewController.m */; };
		302D95F214D2391D003F00A1 /* MainViewController.xib in Resources */ = {isa = PBXBuildFile; fileRef = 302D95F014D2391D003F00A1 /* MainViewController.xib */; };
		3047A5121AB8059700498E2A /* build-debug.xcconfig in Resources */ = {isa = PBXBuildFile; fileRef = 3047A50F1AB8059700498E2A /* build-debug.xcconfig */; };
		3047A5131AB8059700498E2A /* build-release.xcconfig in Resources */ = {isa = PBXBuildFile; fileRef = 3047A5101AB8059700498E2A /* build-release.xcconfig */; };
		3047A5141AB8059700498E2A /* build.xcconfig in Resources */ = {isa = PBXBuildFile; fileRef = 3047A5111AB8059700498E2A /* build.xcconfig */; };
		49A9967AAD064FBBB6A6DBBE /* CDVNotification.bundle in Resources */ = {isa = PBXBuildFile; fileRef = EA0302DA91BF4F3A90D2BAB4 /* CDVNotification.bundle */; };
		5E5662F3E3BC4FF691D68F41 /* CDVSplashScreen.m in Sources */ = {isa = PBXBuildFile; fileRef = CECC782EE14B4B9BBD53871A /* CDVSplashScreen.m */; };
		6388B66FDF1B49B1A7E6F57C /* IonicKeyboard.m in Sources */ = {isa = PBXBuildFile; fileRef = D044C5A4C7814685AA76FD7F /* IonicKeyboard.m */; };
		6696AB45B554414D8D183642 /* CDVViewController+SplashScreen.m in Sources */ = {isa = PBXBuildFile; fileRef = D54C3FDFEDA540899624B601 /* CDVViewController+SplashScreen.m */; };
		71B2873898EB4E0CA38E6741 /* CDVLogger.m in Sources */ = {isa = PBXBuildFile; fileRef = 3CABAAC245AD4A2F94E9D8EE /* CDVLogger.m */; };
		77AF232A7DB348FF84A66BC9 /* AudioToolbox.framework in Frameworks */ = {isa = PBXBuildFile; fileRef = D70DEAB09A354E839E8CCEA9 /* AudioToolbox.framework */; settings = {ATTRIBUTES = (Weak, ); }; };
		BE1E0227EFAA48C095FCD0E4 /* CDVDevice.m in Sources */ = {isa = PBXBuildFile; fileRef = BE1E1E5C7D0B4680A6675C6C /* CDVDevice.m */; };
		C0A4B407413347529A3FF394 /* CDVStatusBar.m in Sources */ = {isa = PBXBuildFile; fileRef = 857A54AABF72462C9BD43B3F /* CDVStatusBar.m */; };
		D9CBDA4A293E4C2A8CD653C2 /* CDVNotification.m in Sources */ = {isa = PBXBuildFile; fileRef = 3E3D90ED81B34BD6B88AB811 /* CDVNotification.m */; };
		204B980B730A4B2BAA62D9AF /* CDVFile.m in Sources */ = {isa = PBXBuildFile; fileRef = CED8C9D86D234F63ACA38900 /* CDVFile.m */; };
		8C3D6E72450C4EAEBEA6C54A /* CDVLocalFilesystem.m in Sources */ = {isa = PBXBuildFile; fileRef = A84799B1D08C4AA5926AB880 /* CDVLocalFilesystem.m */; };
		2F067F8E40F943C89ABE10E2 /* CDVAssetLibraryFilesystem.m in Sources */ = {isa = PBXBuildFile; fileRef = 9A9DE17D5520432388CFF66D /* CDVAssetLibraryFilesystem.m */; };
		C6076B4CB2684EF798CFA53F /* CordovaHttpPlugin.m in Sources */ = {isa = PBXBuildFile; fileRef = ECB278DBA8404876B4FC05B5 /* CordovaHttpPlugin.m */; };
		88313BFF7EA94823BCADA906 /* TextResponseSerializer.m in Sources */ = {isa = PBXBuildFile; fileRef = CE293EB35F434DC4B99B8019 /* TextResponseSerializer.m */; };
		7CFE85FEFCCB4F42873DBDBC /* AFHTTPSessionManager.m in Sources */ = {isa = PBXBuildFile; fileRef = 765E139918E447D794E42D48 /* AFHTTPSessionManager.m */; };
		CF68BDB540CD4A0DA4962F82 /* AFNetworkReachabilityManager.m in Sources */ = {isa = PBXBuildFile; fileRef = 6D8AC5AC331044389CEC026B /* AFNetworkReachabilityManager.m */; };
		E5EF5250D143496E8EEFC59D /* AFSecurityPolicy.m in Sources */ = {isa = PBXBuildFile; fileRef = F2EF1C6D6A5C4896B2640D1D /* AFSecurityPolicy.m */; };
		A72FE4FCB0EA4ED9BE913952 /* AFURLRequestSerialization.m in Sources */ = {isa = PBXBuildFile; fileRef = EBE5F59958A640538C965A08 /* AFURLRequestSerialization.m */; };
		71D776DB0CD744C89BE4604B /* AFURLResponseSerialization.m in Sources */ = {isa = PBXBuildFile; fileRef = 55BEF1F66F2B4B2C90C1C3AD /* AFURLResponseSerialization.m */; };
		D36EBAEE2EF0457D99A0A8DB /* AFURLSessionManager.m in Sources */ = {isa = PBXBuildFile; fileRef = E36903C9D3E942A2BC438012 /* AFURLSessionManager.m */; };
		7DCA0C153707410AAB667D47 /* Security.framework in Frameworks */ = {isa = PBXBuildFile; fileRef = C8EC382410E347748B722B7D /* Security.framework */; };
		CCD9161269534BDA9B891D4A /* SystemConfiguration.framework in Frameworks */ = {isa = PBXBuildFile; fileRef = 8F416CF2F91B4D559D9BC2FE /* SystemConfiguration.framework */; };
/* End PBXBuildFile section */

/* Begin PBXContainerItemProxy section */
		301BF534109A57CC0062928A /* PBXContainerItemProxy */ = {
			isa = PBXContainerItemProxy;
			containerPortal = 301BF52D109A57CC0062928A /* CordovaLib.xcodeproj */;
			proxyType = 2;
			remoteGlobalIDString = D2AAC07E0554694100DB518D;
			remoteInfo = CordovaLib;
		};
		301BF550109A68C00062928A /* PBXContainerItemProxy */ = {
			isa = PBXContainerItemProxy;
			containerPortal = 301BF52D109A57CC0062928A /* CordovaLib.xcodeproj */;
			proxyType = 1;
			remoteGlobalIDString = D2AAC07D0554694100DB518D;
			remoteInfo = CordovaLib;
		};
/* End PBXContainerItemProxy section */

/* Begin PBXFileReference section */
		0207DA571B56EA530066E2B4 /* Images.xcassets */ = {isa = PBXFileReference; lastKnownFileType = folder.assetcatalog; name = Images.xcassets; path = FitnessTracker/Images.xcassets; sourceTree = SOURCE_ROOT; };
		1D3623240D0F684500981E51 /* AppDelegate.h */ = {isa = PBXFileReference; fileEncoding = 4; lastKnownFileType = sourcecode.c.h; path = AppDelegate.h; sourceTree = "<group>"; };
		1D3623250D0F684500981E51 /* AppDelegate.m */ = {isa = PBXFileReference; fileEncoding = 4; lastKnownFileType = sourcecode.c.objc; path = AppDelegate.m; sourceTree = "<group>"; };
		1D6058910D05DD3D006BFB54 /* FitnessTracker.app */ = {isa = PBXFileReference; explicitFileType = wrapper.application; includeInIndex = 0; path = FitnessTracker.app; sourceTree = BUILT_PRODUCTS_DIR; };
		29B97316FDCFA39411CA2CEA /* main.m */ = {isa = PBXFileReference; fileEncoding = 4; lastKnownFileType = sourcecode.c.objc; path = main.m; sourceTree = "<group>"; };
		301BF52D109A57CC0062928A /* CordovaLib.xcodeproj */ = {isa = PBXFileReference; lastKnownFileType = "wrapper.pb-project"; name = CordovaLib.xcodeproj; path = CordovaLib/CordovaLib.xcodeproj; sourceTree = "<group>"; };
		301BF56E109A69640062928A /* www */ = {isa = PBXFileReference; lastKnownFileType = folder; path = www; sourceTree = SOURCE_ROOT; };
		302D95EE14D2391D003F00A1 /* MainViewController.h */ = {isa = PBXFileReference; fileEncoding = 4; lastKnownFileType = sourcecode.c.h; path = MainViewController.h; sourceTree = "<group>"; };
		302D95EF14D2391D003F00A1 /* MainViewController.m */ = {isa = PBXFileReference; fileEncoding = 4; lastKnownFileType = sourcecode.c.objc; path = MainViewController.m; sourceTree = "<group>"; };
		302D95F014D2391D003F00A1 /* MainViewController.xib */ = {isa = PBXFileReference; fileEncoding = 4; lastKnownFileType = file.xib; path = MainViewController.xib; sourceTree = "<group>"; };
		3047A50F1AB8059700498E2A /* build-debug.xcconfig */ = {isa = PBXFileReference; fileEncoding = 4; lastKnownFileType = text.xcconfig; name = "build-debug.xcconfig"; path = "cordova/build-debug.xcconfig"; sourceTree = SOURCE_ROOT; };
		3047A5101AB8059700498E2A /* build-release.xcconfig */ = {isa = PBXFileReference; fileEncoding = 4; lastKnownFileType = text.xcconfig; name = "build-release.xcconfig"; path = "cordova/build-release.xcconfig"; sourceTree = SOURCE_ROOT; };
		3047A5111AB8059700498E2A /* build.xcconfig */ = {isa = PBXFileReference; fileEncoding = 4; lastKnownFileType = text.xcconfig; name = build.xcconfig; path = cordova/build.xcconfig; sourceTree = SOURCE_ROOT; };
		32CA4F630368D1EE00C91783 /* FitnessTracker-Prefix.pch */ = {isa = PBXFileReference; fileEncoding = 4; lastKnownFileType = sourcecode.c.h; path = "FitnessTracker-Prefix.pch"; sourceTree = "<group>"; };
		3CABAAC245AD4A2F94E9D8EE /* CDVLogger.m */ = {isa = PBXFileReference; explicitFileType = undefined; fileEncoding = 4; includeInIndex = 0; lastKnownFileType = sourcecode.c.objc; name = CDVLogger.m; path = "cordova-plugin-console/CDVLogger.m"; sourceTree = "<group>"; };
		3E3D90ED81B34BD6B88AB811 /* CDVNotification.m */ = {isa = PBXFileReference; explicitFileType = undefined; fileEncoding = 4; includeInIndex = 0; lastKnownFileType = sourcecode.c.objc; name = CDVNotification.m; path = "cordova-plugin-dialogs/CDVNotification.m"; sourceTree = "<group>"; };
		47A01F2118AA418591C3B5D6 /* CDVDevice.h */ = {isa = PBXFileReference; explicitFileType = undefined; fileEncoding = 4; includeInIndex = 0; lastKnownFileType = sourcecode.c.h; name = CDVDevice.h; path = "cordova-plugin-device/CDVDevice.h"; sourceTree = "<group>"; };
		709A17AFA95D493CA3D66D52 /* IonicKeyboard.h */ = {isa = PBXFileReference; explicitFileType = undefined; fileEncoding = 4; includeInIndex = 0; lastKnownFileType = sourcecode.c.h; name = IonicKeyboard.h; path = "ionic-plugin-keyboard/IonicKeyboard.h"; sourceTree = "<group>"; };
		857A54AABF72462C9BD43B3F /* CDVStatusBar.m */ = {isa = PBXFileReference; explicitFileType = undefined; fileEncoding = 4; includeInIndex = 0; lastKnownFileType = sourcecode.c.objc; name = CDVStatusBar.m; path = "cordova-plugin-statusbar/CDVStatusBar.m"; sourceTree = "<group>"; };
		8D1107310486CEB800E47090 /* FitnessTracker-Info.plist */ = {isa = PBXFileReference; fileEncoding = 4; lastKnownFileType = text.plist.xml; name = "FitnessTracker-Info.plist"; path = "FitnessTracker/FitnessTracker-Info.plist"; plistStructureDefinitionIdentifier = "com.apple.xcode.plist.structure-definition.iphone.info-plist"; sourceTree = SOURCE_ROOT; };
		BCA9B2795625481D9C265833 /* CDVLogger.h */ = {isa = PBXFileReference; explicitFileType = undefined; fileEncoding = 4; includeInIndex = 0; lastKnownFileType = sourcecode.c.h; name = CDVLogger.h; path = "cordova-plugin-console/CDVLogger.h"; sourceTree = "<group>"; };
		BE1E1E5C7D0B4680A6675C6C /* CDVDevice.m */ = {isa = PBXFileReference; explicitFileType = undefined; fileEncoding = 4; includeInIndex = 0; lastKnownFileType = sourcecode.c.objc; name = CDVDevice.m; path = "cordova-plugin-device/CDVDevice.m"; sourceTree = "<group>"; };
		C78F4B23AFB8442FBA01B5D9 /* CDVSplashScreen.h */ = {isa = PBXFileReference; explicitFileType = undefined; fileEncoding = 4; includeInIndex = 0; lastKnownFileType = sourcecode.c.h; name = CDVSplashScreen.h; path = "cordova-plugin-splashscreen/CDVSplashScreen.h"; sourceTree = "<group>"; };
		CECC782EE14B4B9BBD53871A /* CDVSplashScreen.m */ = {isa = PBXFileReference; explicitFileType = undefined; fileEncoding = 4; includeInIndex = 0; lastKnownFileType = sourcecode.c.objc; name = CDVSplashScreen.m; path = "cordova-plugin-splashscreen/CDVSplashScreen.m"; sourceTree = "<group>"; };
		D044C5A4C7814685AA76FD7F /* IonicKeyboard.m */ = {isa = PBXFileReference; explicitFileType = undefined; fileEncoding = 4; includeInIndex = 0; lastKnownFileType = sourcecode.c.objc; name = IonicKeyboard.m; path = "ionic-plugin-keyboard/IonicKeyboard.m"; sourceTree = "<group>"; };
		D54C3FDFEDA540899624B601 /* CDVViewController+SplashScreen.m */ = {isa = PBXFileReference; explicitFileType = undefined; fileEncoding = 4; includeInIndex = 0; lastKnownFileType = sourcecode.c.objc; name = "CDVViewController+SplashScreen.m"; path = "cordova-plugin-splashscreen/CDVViewController+SplashScreen.m"; sourceTree = "<group>"; };
		D70DEAB09A354E839E8CCEA9 /* AudioToolbox.framework */ = {isa = PBXFileReference; explicitFileType = undefined; fileEncoding = 9; includeInIndex = 0; lastKnownFileType = wrapper.framework; name = AudioToolbox.framework; path = System/Library/Frameworks/AudioToolbox.framework; sourceTree = SDKROOT; };
		D794A67737AB42DAA720F23D /* CDVViewController+SplashScreen.h */ = {isa = PBXFileReference; explicitFileType = undefined; fileEncoding = 4; includeInIndex = 0; lastKnownFileType = sourcecode.c.h; name = "CDVViewController+SplashScreen.h"; path = "cordova-plugin-splashscreen/CDVViewController+SplashScreen.h"; sourceTree = "<group>"; };
		E6AD60F8FF27470CABDFEFDE /* CDVNotification.h */ = {isa = PBXFileReference; explicitFileType = undefined; fileEncoding = 4; includeInIndex = 0; lastKnownFileType = sourcecode.c.h; name = CDVNotification.h; path = "cordova-plugin-dialogs/CDVNotification.h"; sourceTree = "<group>"; };
		EA0302DA91BF4F3A90D2BAB4 /* CDVNotification.bundle */ = {isa = PBXFileReference; explicitFileType = undefined; fileEncoding = 9; includeInIndex = 0; lastKnownFileType = "wrapper.plug-in"; path = CDVNotification.bundle; sourceTree = "<group>"; };
		EB87FDF31871DA8E0020F90C /* www */ = {isa = PBXFileReference; lastKnownFileType = folder; name = www; path = ../../www; sourceTree = "<group>"; };
		EB87FDF41871DAF40020F90C /* config.xml */ = {isa = PBXFileReference; lastKnownFileType = text.xml; name = config.xml; path = ../../config.xml; sourceTree = "<group>"; };
		ED33DF2A687741AEAF9F8254 /* Bridging-Header.h */ = {isa = PBXFileReference; fileEncoding = 4; lastKnownFileType = sourcecode.c.h; path = "Bridging-Header.h"; sourceTree = "<group>"; };
		F5710E6EDEF1497887927D79 /* CDVStatusBar.h */ = {isa = PBXFileReference; explicitFileType = undefined; fileEncoding = 4; includeInIndex = 0; lastKnownFileType = sourcecode.c.h; name = CDVStatusBar.h; path = "cordova-plugin-statusbar/CDVStatusBar.h"; sourceTree = "<group>"; };
		F840E1F0165FE0F500CFE078 /* config.xml */ = {isa = PBXFileReference; lastKnownFileType = text.xml; name = config.xml; path = FitnessTracker/config.xml; sourceTree = "<group>"; };
		CED8C9D86D234F63ACA38900 /* CDVFile.m */ = {isa = PBXFileReference; name = "CDVFile.m"; path = "cordova-plugin-file/CDVFile.m"; sourceTree = "<group>"; fileEncoding = 4; lastKnownFileType = sourcecode.c.objc; explicitFileType = undefined; includeInIndex = 0; };
		A84799B1D08C4AA5926AB880 /* CDVLocalFilesystem.m */ = {isa = PBXFileReference; name = "CDVLocalFilesystem.m"; path = "cordova-plugin-file/CDVLocalFilesystem.m"; sourceTree = "<group>"; fileEncoding = 4; lastKnownFileType = sourcecode.c.objc; explicitFileType = undefined; includeInIndex = 0; };
		9A9DE17D5520432388CFF66D /* CDVAssetLibraryFilesystem.m */ = {isa = PBXFileReference; name = "CDVAssetLibraryFilesystem.m"; path = "cordova-plugin-file/CDVAssetLibraryFilesystem.m"; sourceTree = "<group>"; fileEncoding = 4; lastKnownFileType = sourcecode.c.objc; explicitFileType = undefined; includeInIndex = 0; };
		7F70F1BF5F5345479F4B63A1 /* CDVFile.h */ = {isa = PBXFileReference; name = "CDVFile.h"; path = "cordova-plugin-file/CDVFile.h"; sourceTree = "<group>"; fileEncoding = 4; lastKnownFileType = sourcecode.c.h; explicitFileType = undefined; includeInIndex = 0; };
		9761AD1E0FE9460294C2DCBC /* CDVLocalFilesystem.h */ = {isa = PBXFileReference; name = "CDVLocalFilesystem.h"; path = "cordova-plugin-file/CDVLocalFilesystem.h"; sourceTree = "<group>"; fileEncoding = 4; lastKnownFileType = sourcecode.c.h; explicitFileType = undefined; includeInIndex = 0; };
		26DA9770E9184BD8A3DAFCB0 /* CDVAssetLibraryFilesystem.h */ = {isa = PBXFileReference; name = "CDVAssetLibraryFilesystem.h"; path = "cordova-plugin-file/CDVAssetLibraryFilesystem.h"; sourceTree = "<group>"; fileEncoding = 4; lastKnownFileType = sourcecode.c.h; explicitFileType = undefined; includeInIndex = 0; };
		ECB278DBA8404876B4FC05B5 /* CordovaHttpPlugin.m */ = {isa = PBXFileReference; name = "CordovaHttpPlugin.m"; path = "cordova-plugin-http/CordovaHttpPlugin.m"; sourceTree = "<group>"; fileEncoding = 4; lastKnownFileType = sourcecode.c.objc; explicitFileType = undefined; includeInIndex = 0; };
		CE293EB35F434DC4B99B8019 /* TextResponseSerializer.m */ = {isa = PBXFileReference; name = "TextResponseSerializer.m"; path = "cordova-plugin-http/TextResponseSerializer.m"; sourceTree = "<group>"; fileEncoding = 4; lastKnownFileType = sourcecode.c.objc; explicitFileType = undefined; includeInIndex = 0; };
		765E139918E447D794E42D48 /* AFHTTPSessionManager.m */ = {isa = PBXFileReference; name = "AFHTTPSessionManager.m"; path = "cordova-plugin-http/AFHTTPSessionManager.m"; sourceTree = "<group>"; fileEncoding = 4; lastKnownFileType = sourcecode.c.objc; explicitFileType = undefined; includeInIndex = 0; };
		6D8AC5AC331044389CEC026B /* AFNetworkReachabilityManager.m */ = {isa = PBXFileReference; name = "AFNetworkReachabilityManager.m"; path = "cordova-plugin-http/AFNetworkReachabilityManager.m"; sourceTree = "<group>"; fileEncoding = 4; lastKnownFileType = sourcecode.c.objc; explicitFileType = undefined; includeInIndex = 0; };
		F2EF1C6D6A5C4896B2640D1D /* AFSecurityPolicy.m */ = {isa = PBXFileReference; name = "AFSecurityPolicy.m"; path = "cordova-plugin-http/AFSecurityPolicy.m"; sourceTree = "<group>"; fileEncoding = 4; lastKnownFileType = sourcecode.c.objc; explicitFileType = undefined; includeInIndex = 0; };
		EBE5F59958A640538C965A08 /* AFURLRequestSerialization.m */ = {isa = PBXFileReference; name = "AFURLRequestSerialization.m"; path = "cordova-plugin-http/AFURLRequestSerialization.m"; sourceTree = "<group>"; fileEncoding = 4; lastKnownFileType = sourcecode.c.objc; explicitFileType = undefined; includeInIndex = 0; };
		55BEF1F66F2B4B2C90C1C3AD /* AFURLResponseSerialization.m */ = {isa = PBXFileReference; name = "AFURLResponseSerialization.m"; path = "cordova-plugin-http/AFURLResponseSerialization.m"; sourceTree = "<group>"; fileEncoding = 4; lastKnownFileType = sourcecode.c.objc; explicitFileType = undefined; includeInIndex = 0; };
		E36903C9D3E942A2BC438012 /* AFURLSessionManager.m */ = {isa = PBXFileReference; name = "AFURLSessionManager.m"; path = "cordova-plugin-http/AFURLSessionManager.m"; sourceTree = "<group>"; fileEncoding = 4; lastKnownFileType = sourcecode.c.objc; explicitFileType = undefined; includeInIndex = 0; };
		9E344102221A419DABCD3AAC /* CordovaHttpPlugin.h */ = {isa = PBXFileReference; name = "CordovaHttpPlugin.h"; path = "cordova-plugin-http/CordovaHttpPlugin.h"; sourceTree = "<group>"; fileEncoding = 4; lastKnownFileType = sourcecode.c.h; explicitFileType = undefined; includeInIndex = 0; };
		49EE28C0772849CB85E0CAE0 /* TextResponseSerializer.h */ = {isa = PBXFileReference; name = "TextResponseSerializer.h"; path = "cordova-plugin-http/TextResponseSerializer.h"; sourceTree = "<group>"; fileEncoding = 4; lastKnownFileType = sourcecode.c.h; explicitFileType = undefined; includeInIndex = 0; };
		9A513C7BFFFF480FA557E74B /* AFHTTPSessionManager.h */ = {isa = PBXFileReference; name = "AFHTTPSessionManager.h"; path = "cordova-plugin-http/AFHTTPSessionManager.h"; sourceTree = "<group>"; fileEncoding = 4; lastKnownFileType = sourcecode.c.h; explicitFileType = undefined; includeInIndex = 0; };
		79870DD459ED4419A9572C4F /* AFNetworking.h */ = {isa = PBXFileReference; name = "AFNetworking.h"; path = "cordova-plugin-http/AFNetworking.h"; sourceTree = "<group>"; fileEncoding = 4; lastKnownFileType = sourcecode.c.h; explicitFileType = undefined; includeInIndex = 0; };
		30E964416468408CB10FE2CA /* AFNetworkReachabilityManager.h */ = {isa = PBXFileReference; name = "AFNetworkReachabilityManager.h"; path = "cordova-plugin-http/AFNetworkReachabilityManager.h"; sourceTree = "<group>"; fileEncoding = 4; lastKnownFileType = sourcecode.c.h; explicitFileType = undefined; includeInIndex = 0; };
		82039FEAEE0045F5BA8A92A9 /* AFSecurityPolicy.h */ = {isa = PBXFileReference; name = "AFSecurityPolicy.h"; path = "cordova-plugin-http/AFSecurityPolicy.h"; sourceTree = "<group>"; fileEncoding = 4; lastKnownFileType = sourcecode.c.h; explicitFileType = undefined; includeInIndex = 0; };
		BD54F748E45A4C8E8DC0824C /* AFURLRequestSerialization.h */ = {isa = PBXFileReference; name = "AFURLRequestSerialization.h"; path = "cordova-plugin-http/AFURLRequestSerialization.h"; sourceTree = "<group>"; fileEncoding = 4; lastKnownFileType = sourcecode.c.h; explicitFileType = undefined; includeInIndex = 0; };
		47807B8DA25742E0B0496B2C /* AFURLResponseSerialization.h */ = {isa = PBXFileReference; name = "AFURLResponseSerialization.h"; path = "cordova-plugin-http/AFURLResponseSerialization.h"; sourceTree = "<group>"; fileEncoding = 4; lastKnownFileType = sourcecode.c.h; explicitFileType = undefined; includeInIndex = 0; };
		E174E8EFDC4B4E91A3AE7C53 /* AFURLSessionManager.h */ = {isa = PBXFileReference; name = "AFURLSessionManager.h"; path = "cordova-plugin-http/AFURLSessionManager.h"; sourceTree = "<group>"; fileEncoding = 4; lastKnownFileType = sourcecode.c.h; explicitFileType = undefined; includeInIndex = 0; };
		C8EC382410E347748B722B7D /* Security.framework */ = {isa = PBXFileReference; name = "Security.framework"; path = "System/Library/Frameworks/Security.framework"; sourceTree = SDKROOT; fileEncoding = undefined; lastKnownFileType = wrapper.framework; explicitFileType = undefined; includeInIndex = 0; };
		8F416CF2F91B4D559D9BC2FE /* SystemConfiguration.framework */ = {isa = PBXFileReference; name = "SystemConfiguration.framework"; path = "System/Library/Frameworks/SystemConfiguration.framework"; sourceTree = SDKROOT; fileEncoding = undefined; lastKnownFileType = wrapper.framework; explicitFileType = undefined; includeInIndex = 0; };
/* End PBXFileReference section */

/* Begin PBXFrameworksBuildPhase section */
		1D60588F0D05DD3D006BFB54 /* Frameworks */ = {
			isa = PBXFrameworksBuildPhase;
			buildActionMask = 2147483647;
			files = (
				301BF552109A68D80062928A /* libCordova.a in Frameworks */,
				77AF232A7DB348FF84A66BC9 /* AudioToolbox.framework in Frameworks */,
				7DCA0C153707410AAB667D47 /* Security.framework in Frameworks */,
				CCD9161269534BDA9B891D4A /* SystemConfiguration.framework in Frameworks */,
			);
			runOnlyForDeploymentPostprocessing = 0;
		};
/* End PBXFrameworksBuildPhase section */

/* Begin PBXGroup section */
		080E96DDFE201D6D7F000001 /* Classes */ = {
			isa = PBXGroup;
			children = (
				302D95EE14D2391D003F00A1 /* MainViewController.h */,
				302D95EF14D2391D003F00A1 /* MainViewController.m */,
				302D95F014D2391D003F00A1 /* MainViewController.xib */,
				1D3623240D0F684500981E51 /* AppDelegate.h */,
				1D3623250D0F684500981E51 /* AppDelegate.m */,
			);
			name = Classes;
			path = FitnessTracker/Classes;
			sourceTree = SOURCE_ROOT;
		};
		19C28FACFE9D520D11CA2CBB /* Products */ = {
			isa = PBXGroup;
			children = (
				1D6058910D05DD3D006BFB54 /* FitnessTracker.app */,
			);
			name = Products;
			sourceTree = "<group>";
		};
		29B97314FDCFA39411CA2CEA /* CustomTemplate */ = {
			isa = PBXGroup;
			children = (
				EB87FDF41871DAF40020F90C /* config.xml */,
				EB87FDF31871DA8E0020F90C /* www */,
				EB87FDF11871DA420020F90C /* Staging */,
				301BF52D109A57CC0062928A /* CordovaLib.xcodeproj */,
				080E96DDFE201D6D7F000001 /* Classes */,
				307C750510C5A3420062BCA9 /* Plugins */,
				29B97315FDCFA39411CA2CEA /* Other Sources */,
				29B97317FDCFA39411CA2CEA /* Resources */,
				29B97323FDCFA39411CA2CEA /* Frameworks */,
				19C28FACFE9D520D11CA2CBB /* Products */,
			);
			name = CustomTemplate;
			sourceTree = "<group>";
		};
		29B97315FDCFA39411CA2CEA /* Other Sources */ = {
			isa = PBXGroup;
			children = (
				32CA4F630368D1EE00C91783 /* FitnessTracker-Prefix.pch */,
				29B97316FDCFA39411CA2CEA /* main.m */,
				ED33DF2A687741AEAF9F8254 /* Bridging-Header.h */,
			);
			name = "Other Sources";
			path = FitnessTracker;
			sourceTree = "<group>";
		};
		29B97317FDCFA39411CA2CEA /* Resources */ = {
			isa = PBXGroup;
			children = (
				0207DA571B56EA530066E2B4 /* Images.xcassets */,
				3047A50E1AB8057F00498E2A /* config */,
				8D1107310486CEB800E47090 /* FitnessTracker-Info.plist */,
				EA0302DA91BF4F3A90D2BAB4 /* CDVNotification.bundle */,
			);
			name = Resources;
			path = FitnessTracker/Resources;
			sourceTree = "<group>";
		};
		29B97323FDCFA39411CA2CEA /* Frameworks */ = {
			isa = PBXGroup;
			children = (
				D70DEAB09A354E839E8CCEA9 /* AudioToolbox.framework */,
				C8EC382410E347748B722B7D /* Security.framework */,
				8F416CF2F91B4D559D9BC2FE /* SystemConfiguration.framework */,
			);
			name = Frameworks;
			sourceTree = "<group>";
		};
		301BF52E109A57CC0062928A /* Products */ = {
			isa = PBXGroup;
			children = (
				301BF535109A57CC0062928A /* libCordova.a */,
			);
			name = Products;
			sourceTree = "<group>";
		};
		3047A50E1AB8057F00498E2A /* config */ = {
			isa = PBXGroup;
			children = (
				3047A50F1AB8059700498E2A /* build-debug.xcconfig */,
				3047A5101AB8059700498E2A /* build-release.xcconfig */,
				3047A5111AB8059700498E2A /* build.xcconfig */,
			);
			name = config;
			sourceTree = "<group>";
		};
		307C750510C5A3420062BCA9 /* Plugins */ = {
			isa = PBXGroup;
			children = (
				3CABAAC245AD4A2F94E9D8EE /* CDVLogger.m */,
				BCA9B2795625481D9C265833 /* CDVLogger.h */,
				BE1E1E5C7D0B4680A6675C6C /* CDVDevice.m */,
				47A01F2118AA418591C3B5D6 /* CDVDevice.h */,
				CECC782EE14B4B9BBD53871A /* CDVSplashScreen.m */,
				D54C3FDFEDA540899624B601 /* CDVViewController+SplashScreen.m */,
				C78F4B23AFB8442FBA01B5D9 /* CDVSplashScreen.h */,
				D794A67737AB42DAA720F23D /* CDVViewController+SplashScreen.h */,
				857A54AABF72462C9BD43B3F /* CDVStatusBar.m */,
				F5710E6EDEF1497887927D79 /* CDVStatusBar.h */,
				D044C5A4C7814685AA76FD7F /* IonicKeyboard.m */,
				709A17AFA95D493CA3D66D52 /* IonicKeyboard.h */,
				3E3D90ED81B34BD6B88AB811 /* CDVNotification.m */,
				E6AD60F8FF27470CABDFEFDE /* CDVNotification.h */,
				CED8C9D86D234F63ACA38900 /* CDVFile.m */,
				A84799B1D08C4AA5926AB880 /* CDVLocalFilesystem.m */,
				9A9DE17D5520432388CFF66D /* CDVAssetLibraryFilesystem.m */,
				7F70F1BF5F5345479F4B63A1 /* CDVFile.h */,
				9761AD1E0FE9460294C2DCBC /* CDVLocalFilesystem.h */,
				26DA9770E9184BD8A3DAFCB0 /* CDVAssetLibraryFilesystem.h */,
				ECB278DBA8404876B4FC05B5 /* CordovaHttpPlugin.m */,
				CE293EB35F434DC4B99B8019 /* TextResponseSerializer.m */,
				765E139918E447D794E42D48 /* AFHTTPSessionManager.m */,
				6D8AC5AC331044389CEC026B /* AFNetworkReachabilityManager.m */,
				F2EF1C6D6A5C4896B2640D1D /* AFSecurityPolicy.m */,
				EBE5F59958A640538C965A08 /* AFURLRequestSerialization.m */,
				55BEF1F66F2B4B2C90C1C3AD /* AFURLResponseSerialization.m */,
				E36903C9D3E942A2BC438012 /* AFURLSessionManager.m */,
				9E344102221A419DABCD3AAC /* CordovaHttpPlugin.h */,
				49EE28C0772849CB85E0CAE0 /* TextResponseSerializer.h */,
				9A513C7BFFFF480FA557E74B /* AFHTTPSessionManager.h */,
				79870DD459ED4419A9572C4F /* AFNetworking.h */,
				30E964416468408CB10FE2CA /* AFNetworkReachabilityManager.h */,
				82039FEAEE0045F5BA8A92A9 /* AFSecurityPolicy.h */,
				BD54F748E45A4C8E8DC0824C /* AFURLRequestSerialization.h */,
				47807B8DA25742E0B0496B2C /* AFURLResponseSerialization.h */,
				E174E8EFDC4B4E91A3AE7C53 /* AFURLSessionManager.h */,
			);
			name = Plugins;
			path = FitnessTracker/Plugins;
			sourceTree = SOURCE_ROOT;
		};
		EB87FDF11871DA420020F90C /* Staging */ = {
			isa = PBXGroup;
			children = (
				F840E1F0165FE0F500CFE078 /* config.xml */,
				301BF56E109A69640062928A /* www */,
			);
			name = Staging;
			sourceTree = "<group>";
		};
/* End PBXGroup section */

/* Begin PBXNativeTarget section */
		1D6058900D05DD3D006BFB54 /* FitnessTracker */ = {
			isa = PBXNativeTarget;
			buildConfigurationList = 1D6058960D05DD3E006BFB54 /* Build configuration list for PBXNativeTarget "FitnessTracker" */;
			buildPhases = (
				304B58A110DAC018002A0835 /* Copy www directory */,
				1D60588D0D05DD3D006BFB54 /* Resources */,
				1D60588E0D05DD3D006BFB54 /* Sources */,
				1D60588F0D05DD3D006BFB54 /* Frameworks */,
			);
			buildRules = (
			);
			dependencies = (
				301BF551109A68C00062928A /* PBXTargetDependency */,
			);
			name = FitnessTracker;
			productName = FitnessTracker;
			productReference = 1D6058910D05DD3D006BFB54 /* FitnessTracker.app */;
			productType = "com.apple.product-type.application";
		};
/* End PBXNativeTarget section */

/* Begin PBXProject section */
		29B97313FDCFA39411CA2CEA /* Project object */ = {
			isa = PBXProject;
			attributes = {
				LastUpgradeCheck = 510;
				TargetAttributes = {
					1D6058900D05DD3D006BFB54 = {
						DevelopmentTeam = YZCJSF3PYV;
					};
				};
			};
			buildConfigurationList = C01FCF4E08A954540054247B /* Build configuration list for PBXProject "FitnessTracker" */;
			compatibilityVersion = "Xcode 3.2";
			developmentRegion = English;
			hasScannedForEncodings = 1;
			knownRegions = (
				en,
			);
			mainGroup = 29B97314FDCFA39411CA2CEA /* CustomTemplate */;
			projectDirPath = "";
			projectReferences = (
				{
					ProductGroup = 301BF52E109A57CC0062928A /* Products */;
					ProjectRef = 301BF52D109A57CC0062928A /* CordovaLib.xcodeproj */;
				},
			);
			projectRoot = "";
			targets = (
				1D6058900D05DD3D006BFB54 /* FitnessTracker */,
			);
		};
/* End PBXProject section */

/* Begin PBXReferenceProxy section */
		301BF535109A57CC0062928A /* libCordova.a */ = {
			isa = PBXReferenceProxy;
			fileType = archive.ar;
			path = libCordova.a;
			remoteRef = 301BF534109A57CC0062928A /* PBXContainerItemProxy */;
			sourceTree = BUILT_PRODUCTS_DIR;
		};
/* End PBXReferenceProxy section */

/* Begin PBXResourcesBuildPhase section */
		1D60588D0D05DD3D006BFB54 /* Resources */ = {
			isa = PBXResourcesBuildPhase;
			buildActionMask = 2147483647;
			files = (
				302D95F214D2391D003F00A1 /* MainViewController.xib in Resources */,
				3047A5131AB8059700498E2A /* build-release.xcconfig in Resources */,
				3047A5141AB8059700498E2A /* build.xcconfig in Resources */,
				0207DA581B56EA530066E2B4 /* Images.xcassets in Resources */,
				3047A5121AB8059700498E2A /* build-debug.xcconfig in Resources */,
				49A9967AAD064FBBB6A6DBBE /* CDVNotification.bundle in Resources */,
			);
			runOnlyForDeploymentPostprocessing = 0;
		};
/* End PBXResourcesBuildPhase section */

/* Begin PBXShellScriptBuildPhase section */
		304B58A110DAC018002A0835 /* Copy www directory */ = {
			isa = PBXShellScriptBuildPhase;
			buildActionMask = 2147483647;
			files = (
			);
			inputPaths = (
			);
			name = "Copy www directory";
			outputPaths = (
			);
			runOnlyForDeploymentPostprocessing = 0;
			shellPath = /bin/sh;
			shellScript = "NODEJS_PATH=/usr/local/bin; NVM_NODE_PATH=~/.nvm/versions/node/`nvm version 2>/dev/null`/bin; N_NODE_PATH=`find /usr/local/n/versions/node/* -maxdepth 0 -type d 2>/dev/null | tail -1`/bin; XCODE_NODE_PATH=`xcode-select --print-path`/usr/share/xcs/Node/bin; PATH=$NODEJS_PATH:$NVM_NODE_PATH:$N_NODE_PATH:$XCODE_NODE_PATH:$PATH && node cordova/lib/copy-www-build-step.js";
			showEnvVarsInLog = 0;
		};
/* End PBXShellScriptBuildPhase section */

/* Begin PBXSourcesBuildPhase section */
		1D60588E0D05DD3D006BFB54 /* Sources */ = {
			isa = PBXSourcesBuildPhase;
			buildActionMask = 2147483647;
			files = (
				1D60589B0D05DD56006BFB54 /* main.m in Sources */,
				1D3623260D0F684500981E51 /* AppDelegate.m in Sources */,
				302D95F114D2391D003F00A1 /* MainViewController.m in Sources */,
				71B2873898EB4E0CA38E6741 /* CDVLogger.m in Sources */,
				BE1E0227EFAA48C095FCD0E4 /* CDVDevice.m in Sources */,
				5E5662F3E3BC4FF691D68F41 /* CDVSplashScreen.m in Sources */,
				6696AB45B554414D8D183642 /* CDVViewController+SplashScreen.m in Sources */,
				C0A4B407413347529A3FF394 /* CDVStatusBar.m in Sources */,
				6388B66FDF1B49B1A7E6F57C /* IonicKeyboard.m in Sources */,
				D9CBDA4A293E4C2A8CD653C2 /* CDVNotification.m in Sources */,
				204B980B730A4B2BAA62D9AF /* CDVFile.m in Sources */,
				8C3D6E72450C4EAEBEA6C54A /* CDVLocalFilesystem.m in Sources */,
				2F067F8E40F943C89ABE10E2 /* CDVAssetLibraryFilesystem.m in Sources */,
				C6076B4CB2684EF798CFA53F /* CordovaHttpPlugin.m in Sources */,
				88313BFF7EA94823BCADA906 /* TextResponseSerializer.m in Sources */,
				7CFE85FEFCCB4F42873DBDBC /* AFHTTPSessionManager.m in Sources */,
				CF68BDB540CD4A0DA4962F82 /* AFNetworkReachabilityManager.m in Sources */,
				E5EF5250D143496E8EEFC59D /* AFSecurityPolicy.m in Sources */,
				A72FE4FCB0EA4ED9BE913952 /* AFURLRequestSerialization.m in Sources */,
				71D776DB0CD744C89BE4604B /* AFURLResponseSerialization.m in Sources */,
				D36EBAEE2EF0457D99A0A8DB /* AFURLSessionManager.m in Sources */,
			);
			runOnlyForDeploymentPostprocessing = 0;
		};
/* End PBXSourcesBuildPhase section */

/* Begin PBXTargetDependency section */
		301BF551109A68C00062928A /* PBXTargetDependency */ = {
			isa = PBXTargetDependency;
			name = CordovaLib;
			targetProxy = 301BF550109A68C00062928A /* PBXContainerItemProxy */;
		};
/* End PBXTargetDependency section */

/* Begin XCBuildConfiguration section */
		1D6058940D05DD3E006BFB54 /* Debug */ = {
			isa = XCBuildConfiguration;
			baseConfigurationReference = 3047A50F1AB8059700498E2A /* build-debug.xcconfig */;
			buildSettings = {
				ALWAYS_SEARCH_USER_PATHS = NO;
				ASSETCATALOG_COMPILER_APPICON_NAME = AppIcon;
				ASSETCATALOG_COMPILER_LAUNCHIMAGE_NAME = LaunchImage;
				CLANG_ENABLE_MODULES = YES;
				CLANG_ENABLE_OBJC_ARC = YES;
				COPY_PHASE_STRIP = NO;
				DEVELOPMENT_TEAM = YZCJSF3PYV;
				GCC_DYNAMIC_NO_PIC = NO;
				GCC_OPTIMIZATION_LEVEL = 0;
				GCC_PRECOMPILE_PREFIX_HEADER = YES;
				GCC_PREFIX_HEADER = "FitnessTracker/FitnessTracker-Prefix.pch";
				GCC_THUMB_SUPPORT = NO;
				GCC_VERSION = "";
				INFOPLIST_FILE = "FitnessTracker/FitnessTracker-Info.plist";
				LD_RUNPATH_SEARCH_PATHS = "@executable_path/Frameworks";
				PRODUCT_NAME = FitnessTracker;
			};
			name = Debug;
		};
		1D6058950D05DD3E006BFB54 /* Release */ = {
			isa = XCBuildConfiguration;
			baseConfigurationReference = 3047A5101AB8059700498E2A /* build-release.xcconfig */;
			buildSettings = {
				ALWAYS_SEARCH_USER_PATHS = NO;
				ASSETCATALOG_COMPILER_APPICON_NAME = AppIcon;
				ASSETCATALOG_COMPILER_LAUNCHIMAGE_NAME = LaunchImage;
				CLANG_ENABLE_MODULES = YES;
				CLANG_ENABLE_OBJC_ARC = YES;
				COPY_PHASE_STRIP = YES;
				DEVELOPMENT_TEAM = YZCJSF3PYV;
				GCC_PRECOMPILE_PREFIX_HEADER = YES;
				GCC_PREFIX_HEADER = "FitnessTracker/FitnessTracker-Prefix.pch";
				GCC_THUMB_SUPPORT = NO;
				GCC_VERSION = "";
				INFOPLIST_FILE = "FitnessTracker/FitnessTracker-Info.plist";
				PRODUCT_NAME = FitnessTracker;
			};
			name = Release;
		};
		C01FCF4F08A954540054247B /* Debug */ = {
			isa = XCBuildConfiguration;
			baseConfigurationReference = 3047A5111AB8059700498E2A /* build.xcconfig */;
			buildSettings = {
				CLANG_ENABLE_MODULES = YES;
				CLANG_ENABLE_OBJC_ARC = YES;
				CLANG_WARN_BOOL_CONVERSION = YES;
				CLANG_WARN_CONSTANT_CONVERSION = YES;
				CLANG_WARN_EMPTY_BODY = YES;
				CLANG_WARN_ENUM_CONVERSION = YES;
				CLANG_WARN_INT_CONVERSION = YES;
				CLANG_WARN__DUPLICATE_METHOD_MATCH = YES;
				GCC_C_LANGUAGE_STANDARD = c99;
				GCC_THUMB_SUPPORT = NO;
				GCC_VERSION = "";
				GCC_WARN_ABOUT_RETURN_TYPE = YES;
				GCC_WARN_UNDECLARED_SELECTOR = YES;
				GCC_WARN_UNINITIALIZED_AUTOS = YES;
				GCC_WARN_UNUSED_FUNCTION = YES;
				GCC_WARN_UNUSED_VARIABLE = YES;
				ONLY_ACTIVE_ARCH = YES;
				PRODUCT_NAME = FitnessTracker;
				SDKROOT = iphoneos;
				SKIP_INSTALL = NO;
			};
			name = Debug;
		};
		C01FCF5008A954540054247B /* Release */ = {
			isa = XCBuildConfiguration;
			baseConfigurationReference = 3047A5111AB8059700498E2A /* build.xcconfig */;
			buildSettings = {
				CLANG_ENABLE_MODULES = YES;
				CLANG_ENABLE_OBJC_ARC = YES;
				CLANG_WARN_BOOL_CONVERSION = YES;
				CLANG_WARN_CONSTANT_CONVERSION = YES;
				CLANG_WARN_EMPTY_BODY = YES;
				CLANG_WARN_ENUM_CONVERSION = YES;
				CLANG_WARN_INT_CONVERSION = YES;
				CLANG_WARN__DUPLICATE_METHOD_MATCH = YES;
				GCC_C_LANGUAGE_STANDARD = c99;
				GCC_THUMB_SUPPORT = NO;
				GCC_VERSION = "";
				GCC_WARN_ABOUT_RETURN_TYPE = YES;
				GCC_WARN_UNDECLARED_SELECTOR = YES;
				GCC_WARN_UNINITIALIZED_AUTOS = YES;
				GCC_WARN_UNUSED_FUNCTION = YES;
				GCC_WARN_UNUSED_VARIABLE = YES;
				PRODUCT_NAME = FitnessTracker;
				SDKROOT = iphoneos;
				SKIP_INSTALL = NO;
			};
			name = Release;
		};
/* End XCBuildConfiguration section */

/* Begin XCConfigurationList section */
		1D6058960D05DD3E006BFB54 /* Build configuration list for PBXNativeTarget "FitnessTracker" */ = {
			isa = XCConfigurationList;
			buildConfigurations = (
				1D6058940D05DD3E006BFB54 /* Debug */,
				1D6058950D05DD3E006BFB54 /* Release */,
			);
			defaultConfigurationIsVisible = 0;
			defaultConfigurationName = Release;
		};
		C01FCF4E08A954540054247B /* Build configuration list for PBXProject "FitnessTracker" */ = {
			isa = XCConfigurationList;
			buildConfigurations = (
				C01FCF4F08A954540054247B /* Debug */,
				C01FCF5008A954540054247B /* Release */,
			);
			defaultConfigurationIsVisible = 0;
			defaultConfigurationName = Release;
		};
/* End XCConfigurationList section */
	};
	rootObject = 29B97313FDCFA39411CA2CEA /* Project object */;
}
